{
  "name": "html_contractsignature",
  "version": "1.0.0",
  "lockfileVersion": 2,
  "requires": true,
  "packages": {
    "": {
      "name": "html_contractsignature",
      "version": "1.0.0",
      "license": "ISC",
      "dependencies": {
        "signature_pad": "^4.2.0"
      }
    },
    "node_modules/signature_pad": {
      "version": "4.2.0",
      "resolved": "https://registry.npmjs.org/signature_pad/-/signature_pad-4.2.0.tgz",
      "integrity": "sha512-YLWysmaUBaC5wosAKkgbX7XI+LBv2w5L0QUcI6Jc4moHYzv9BUBJtAyNLpWzHjtjKTeWOH6bfP4a4pzf0UinfQ=="
    }
  },
  "dependencies": {
    "signature_pad": {
      "version": "4.2.0",
      "resolved": "https://registry.npmjs.org/signature_pad/-/signature_pad-4.2.0.tgz",
      "integrity": "sha512-YLWysmaUBaC5wosAKkgbX7XI+LBv2w5L0QUcI6Jc4moHYzv9BUBJtAyNLpWzHjtjKTeWOH6bfP4a4pzf0UinfQ=="
    }
  }
}
